
Microsoft Visual Studio Solution File, Format Version 12.00
# Visual Studio Version 16
VisualStudioVersion = 16.0.31613.86
MinimumVisualStudioVersion = 10.0.40219.1
Project("{9A19103F-16F7-4668-BE54-9A1E7A4F7556}") = "Strategy", "Strategy\Strategy.csproj", "{1360E524-9B47-4FFD-B30E-0E41FD98638E}"
EndProject
Project("{9A19103F-16F7-4668-BE54-9A1E7A4F7556}") = "ChainOfResponsibility", "ChainOfResponsibility\ChainOfResponsibility.csproj", "{80EE3D23-5020-4465-8918-FD629BD8886B}"
EndProject
Project("{9A19103F-16F7-4668-BE54-9A1E7A4F7556}") = "TemplateMethod", "TemplateMethod\TemplateMethod.csproj", "{DFCBACE2-B995-4EDF-9E97-28DAA5B4FABE}"
EndProject
Project("{9A19103F-16F7-4668-BE54-9A1E7A4F7556}") = "Decorator", "Decorator\Decorator.csproj", "{C7B54504-1303-4353-8982-A846F8508CEA}"
EndProject
Project("{9A19103F-16F7-4668-BE54-9A1E7A4F7556}") = "State", "State\State.csproj", "{8A97AF03-F5B9-4F4A-9C2F-E99F48A3488C}"
EndProject
Project("{9A19103F-16F7-4668-BE54-9A1E7A4F7556}") = "Builder", "Builder\Builder.csproj", "{B53486B5-B724-4BB6-8742-A4729B5E27B6}"
EndProject
Project("{9A19103F-16F7-4668-BE54-9A1E7A4F7556}") = "Observer", "Observer\Observer.csproj", "{F1D26049-32D5-4A77-BA82-1F15682EA50B}"
EndProject
Project("{2150E333-8FDC-42A3-9474-1A3956D46DE8}") = "Capitulo_1", "Capitulo_1", "{68E954C1-5DDC-4F6A-B257-2CF3DB3F358B}"
EndProject
Project("{2150E333-8FDC-42A3-9474-1A3956D46DE8}") = "Capitulo_2", "Capitulo_2", "{50C5E6CF-1A4C-4B45-A145-9B8059BEEBFF}"
EndProject
Project("{9A19103F-16F7-4668-BE54-9A1E7A4F7556}") = "Factory", "Factory\Factory.csproj", "{5AD34CA6-18F6-4BD3-8554-44EF0DF74278}"
EndProject
Project("{9A19103F-16F7-4668-BE54-9A1E7A4F7556}") = "Flyweight", "Flyweight\Flyweight.csproj", "{54D8C2EF-A467-4ADB-8CDF-308BE69FAE57}"
EndProject
Project("{9A19103F-16F7-4668-BE54-9A1E7A4F7556}") = "Memento", "memento\Memento.csproj", "{808D7C1E-FA1F-4F8A-970D-7F86215EDA92}"
EndProject
Project("{9A19103F-16F7-4668-BE54-9A1E7A4F7556}") = "Interpreter", "Interpreter\Interpreter.csproj", "{7DED29D0-A11D-46AB-A37B-CD594CED23BE}"
EndProject
Project("{9A19103F-16F7-4668-BE54-9A1E7A4F7556}") = "Visitor", "Visitor\Visitor.csproj", "{9F81B9D7-FE2D-450A-B756-2B48AC7F646B}"
EndProject
Project("{9A19103F-16F7-4668-BE54-9A1E7A4F7556}") = "Bridges", "Bridges\Bridges.csproj", "{B6AC5709-7D79-4B27-9AD6-EE9AF143EB2A}"
EndProject
Project("{9A19103F-16F7-4668-BE54-9A1E7A4F7556}") = "Command", "Command\Command.csproj", "{A7736325-1D09-49C5-A68D-AF9C7DDA54E0}"
EndProject
Project("{FAE04EC0-301F-11D3-BF4B-00C04F79EFBC}") = "Adapter", "Adapter\Adapter.csproj", "{4F884CAB-DB07-4810-9060-1C9CB4938680}"
EndProject
Global
	GlobalSection(SolutionConfigurationPlatforms) = preSolution
		Debug|Any CPU = Debug|Any CPU
		Release|Any CPU = Release|Any CPU
	EndGlobalSection
	GlobalSection(ProjectConfigurationPlatforms) = postSolution
		{1360E524-9B47-4FFD-B30E-0E41FD98638E}.Debug|Any CPU.ActiveCfg = Debug|Any CPU
		{1360E524-9B47-4FFD-B30E-0E41FD98638E}.Debug|Any CPU.Build.0 = Debug|Any CPU
		{1360E524-9B47-4FFD-B30E-0E41FD98638E}.Release|Any CPU.ActiveCfg = Release|Any CPU
		{1360E524-9B47-4FFD-B30E-0E41FD98638E}.Release|Any CPU.Build.0 = Release|Any CPU
		{80EE3D23-5020-4465-8918-FD629BD8886B}.Debug|Any CPU.ActiveCfg = Debug|Any CPU
		{80EE3D23-5020-4465-8918-FD629BD8886B}.Debug|Any CPU.Build.0 = Debug|Any CPU
		{80EE3D23-5020-4465-8918-FD629BD8886B}.Release|Any CPU.ActiveCfg = Release|Any CPU
		{80EE3D23-5020-4465-8918-FD629BD8886B}.Release|Any CPU.Build.0 = Release|Any CPU
		{DFCBACE2-B995-4EDF-9E97-28DAA5B4FABE}.Debug|Any CPU.ActiveCfg = Debug|Any CPU
		{DFCBACE2-B995-4EDF-9E97-28DAA5B4FABE}.Debug|Any CPU.Build.0 = Debug|Any CPU
		{DFCBACE2-B995-4EDF-9E97-28DAA5B4FABE}.Release|Any CPU.ActiveCfg = Release|Any CPU
		{DFCBACE2-B995-4EDF-9E97-28DAA5B4FABE}.Release|Any CPU.Build.0 = Release|Any CPU
		{C7B54504-1303-4353-8982-A846F8508CEA}.Debug|Any CPU.ActiveCfg = Debug|Any CPU
		{C7B54504-1303-4353-8982-A846F8508CEA}.Debug|Any CPU.Build.0 = Debug|Any CPU
		{C7B54504-1303-4353-8982-A846F8508CEA}.Release|Any CPU.ActiveCfg = Release|Any CPU
		{C7B54504-1303-4353-8982-A846F8508CEA}.Release|Any CPU.Build.0 = Release|Any CPU
		{8A97AF03-F5B9-4F4A-9C2F-E99F48A3488C}.Debug|Any CPU.ActiveCfg = Debug|Any CPU
		{8A97AF03-F5B9-4F4A-9C2F-E99F48A3488C}.Debug|Any CPU.Build.0 = Debug|Any CPU
		{8A97AF03-F5B9-4F4A-9C2F-E99F48A3488C}.Release|Any CPU.ActiveCfg = Release|Any CPU
		{8A97AF03-F5B9-4F4A-9C2F-E99F48A3488C}.Release|Any CPU.Build.0 = Release|Any CPU
		{B53486B5-B724-4BB6-8742-A4729B5E27B6}.Debug|Any CPU.ActiveCfg = Debug|Any CPU
		{B53486B5-B724-4BB6-8742-A4729B5E27B6}.Debug|Any CPU.Build.0 = Debug|Any CPU
		{B53486B5-B724-4BB6-8742-A4729B5E27B6}.Release|Any CPU.ActiveCfg = Release|Any CPU
		{B53486B5-B724-4BB6-8742-A4729B5E27B6}.Release|Any CPU.Build.0 = Release|Any CPU
		{F1D26049-32D5-4A77-BA82-1F15682EA50B}.Debug|Any CPU.ActiveCfg = Debug|Any CPU
		{F1D26049-32D5-4A77-BA82-1F15682EA50B}.Debug|Any CPU.Build.0 = Debug|Any CPU
		{F1D26049-32D5-4A77-BA82-1F15682EA50B}.Release|Any CPU.ActiveCfg = Release|Any CPU
		{F1D26049-32D5-4A77-BA82-1F15682EA50B}.Release|Any CPU.Build.0 = Release|Any CPU
		{5AD34CA6-18F6-4BD3-8554-44EF0DF74278}.Debug|Any CPU.ActiveCfg = Debug|Any CPU
		{5AD34CA6-18F6-4BD3-8554-44EF0DF74278}.Debug|Any CPU.Build.0 = Debug|Any CPU
		{5AD34CA6-18F6-4BD3-8554-44EF0DF74278}.Release|Any CPU.ActiveCfg = Release|Any CPU
		{5AD34CA6-18F6-4BD3-8554-44EF0DF74278}.Release|Any CPU.Build.0 = Release|Any CPU
		{54D8C2EF-A467-4ADB-8CDF-308BE69FAE57}.Debug|Any CPU.ActiveCfg = Debug|Any CPU
		{54D8C2EF-A467-4ADB-8CDF-308BE69FAE57}.Debug|Any CPU.Build.0 = Debug|Any CPU
		{54D8C2EF-A467-4ADB-8CDF-308BE69FAE57}.Release|Any CPU.ActiveCfg = Release|Any CPU
		{54D8C2EF-A467-4ADB-8CDF-308BE69FAE57}.Release|Any CPU.Build.0 = Release|Any CPU
		{808D7C1E-FA1F-4F8A-970D-7F86215EDA92}.Debug|Any CPU.ActiveCfg = Debug|Any CPU
		{808D7C1E-FA1F-4F8A-970D-7F86215EDA92}.Debug|Any CPU.Build.0 = Debug|Any CPU
		{808D7C1E-FA1F-4F8A-970D-7F86215EDA92}.Release|Any CPU.ActiveCfg = Release|Any CPU
		{808D7C1E-FA1F-4F8A-970D-7F86215EDA92}.Release|Any CPU.Build.0 = Release|Any CPU
		{7DED29D0-A11D-46AB-A37B-CD594CED23BE}.Debug|Any CPU.ActiveCfg = Debug|Any CPU
		{7DED29D0-A11D-46AB-A37B-CD594CED23BE}.Debug|Any CPU.Build.0 = Debug|Any CPU
		{7DED29D0-A11D-46AB-A37B-CD594CED23BE}.Release|Any CPU.ActiveCfg = Release|Any CPU
		{7DED29D0-A11D-46AB-A37B-CD594CED23BE}.Release|Any CPU.Build.0 = Release|Any CPU
		{9F81B9D7-FE2D-450A-B756-2B48AC7F646B}.Debug|Any CPU.ActiveCfg = Debug|Any CPU
		{9F81B9D7-FE2D-450A-B756-2B48AC7F646B}.Debug|Any CPU.Build.0 = Debug|Any CPU
		{9F81B9D7-FE2D-450A-B756-2B48AC7F646B}.Release|Any CPU.ActiveCfg = Release|Any CPU
		{9F81B9D7-FE2D-450A-B756-2B48AC7F646B}.Release|Any CPU.Build.0 = Release|Any CPU
		{B6AC5709-7D79-4B27-9AD6-EE9AF143EB2A}.Debug|Any CPU.ActiveCfg = Debug|Any CPU
		{B6AC5709-7D79-4B27-9AD6-EE9AF143EB2A}.Debug|Any CPU.Build.0 = Debug|Any CPU
		{B6AC5709-7D79-4B27-9AD6-EE9AF143EB2A}.Release|Any CPU.ActiveCfg = Release|Any CPU
		{B6AC5709-7D79-4B27-9AD6-EE9AF143EB2A}.Release|Any CPU.Build.0 = Release|Any CPU
		{A7736325-1D09-49C5-A68D-AF9C7DDA54E0}.Debug|Any CPU.ActiveCfg = Debug|Any CPU
		{A7736325-1D09-49C5-A68D-AF9C7DDA54E0}.Debug|Any CPU.Build.0 = Debug|Any CPU
		{A7736325-1D09-49C5-A68D-AF9C7DDA54E0}.Release|Any CPU.ActiveCfg = Release|Any CPU
		{A7736325-1D09-49C5-A68D-AF9C7DDA54E0}.Release|Any CPU.Build.0 = Release|Any CPU
		{4F884CAB-DB07-4810-9060-1C9CB4938680}.Debug|Any CPU.ActiveCfg = Debug|Any CPU
		{4F884CAB-DB07-4810-9060-1C9CB4938680}.Debug|Any CPU.Build.0 = Debug|Any CPU
		{4F884CAB-DB07-4810-9060-1C9CB4938680}.Release|Any CPU.ActiveCfg = Release|Any CPU
		{4F884CAB-DB07-4810-9060-1C9CB4938680}.Release|Any CPU.Build.0 = Release|Any CPU
	EndGlobalSection
	GlobalSection(SolutionProperties) = preSolution
		HideSolutionNode = FALSE
	EndGlobalSection
	GlobalSection(NestedProjects) = preSolution
		{1360E524-9B47-4FFD-B30E-0E41FD98638E} = {68E954C1-5DDC-4F6A-B257-2CF3DB3F358B}
		{80EE3D23-5020-4465-8918-FD629BD8886B} = {68E954C1-5DDC-4F6A-B257-2CF3DB3F358B}
		{DFCBACE2-B995-4EDF-9E97-28DAA5B4FABE} = {68E954C1-5DDC-4F6A-B257-2CF3DB3F358B}
		{C7B54504-1303-4353-8982-A846F8508CEA} = {68E954C1-5DDC-4F6A-B257-2CF3DB3F358B}
		{8A97AF03-F5B9-4F4A-9C2F-E99F48A3488C} = {68E954C1-5DDC-4F6A-B257-2CF3DB3F358B}
		{B53486B5-B724-4BB6-8742-A4729B5E27B6} = {68E954C1-5DDC-4F6A-B257-2CF3DB3F358B}
		{F1D26049-32D5-4A77-BA82-1F15682EA50B} = {68E954C1-5DDC-4F6A-B257-2CF3DB3F358B}
		{5AD34CA6-18F6-4BD3-8554-44EF0DF74278} = {50C5E6CF-1A4C-4B45-A145-9B8059BEEBFF}
		{54D8C2EF-A467-4ADB-8CDF-308BE69FAE57} = {50C5E6CF-1A4C-4B45-A145-9B8059BEEBFF}
		{808D7C1E-FA1F-4F8A-970D-7F86215EDA92} = {50C5E6CF-1A4C-4B45-A145-9B8059BEEBFF}
		{7DED29D0-A11D-46AB-A37B-CD594CED23BE} = {50C5E6CF-1A4C-4B45-A145-9B8059BEEBFF}
		{9F81B9D7-FE2D-450A-B756-2B48AC7F646B} = {50C5E6CF-1A4C-4B45-A145-9B8059BEEBFF}
		{B6AC5709-7D79-4B27-9AD6-EE9AF143EB2A} = {50C5E6CF-1A4C-4B45-A145-9B8059BEEBFF}
		{A7736325-1D09-49C5-A68D-AF9C7DDA54E0} = {50C5E6CF-1A4C-4B45-A145-9B8059BEEBFF}
		{4F884CAB-DB07-4810-9060-1C9CB4938680} = {50C5E6CF-1A4C-4B45-A145-9B8059BEEBFF}
	EndGlobalSection
	GlobalSection(ExtensibilityGlobals) = postSolution
		SolutionGuid = {1B7CFD1D-B37F-461A-BDDA-1029BD7546B7}
	EndGlobalSection
EndGlobal
